
Microsoft Visual Studio Solution File, Format Version 12.00
# Visual Studio Version 17
VisualStudioVersion = 17.6.33723.286
MinimumVisualStudioVersion = 10.0.40219.1
Project("{9A19103F-16F7-4668-BE54-9A1E7A4F7556}") = "IT_Assets", "IT_Assets\IT_Assets.csproj", "{C80AC137-FED1-4F21-9671-8D3065BE1401}"
EndProject
Project("{FAE04EC0-301F-11D3-BF4B-00C04F79EFBC}") = "IT_Assets_DomainModelEntity", "IT_Assets_DomainModelEntity\IT_Assets_DomainModelEntity.csproj", "{4069FDA6-F454-47D3-A4C3-F35A6D349313}"
EndProject
Project("{FAE04EC0-301F-11D3-BF4B-00C04F79EFBC}") = "IT_Assets_Insfrastructure", "IT_Assets_Insfrastructure\IT_Assets_Insfrastructure.csproj", "{86EA19EF-F004-435D-BEA7-01D29F27C061}"
EndProject
Global
	GlobalSection(SolutionConfigurationPlatforms) = preSolution
		Debug|Any CPU = Debug|Any CPU
		Release|Any CPU = Release|Any CPU
	EndGlobalSection
	GlobalSection(ProjectConfigurationPlatforms) = postSolution
		{C80AC137-FED1-4F21-9671-8D3065BE1401}.Debug|Any CPU.ActiveCfg = Debug|Any CPU
		{C80AC137-FED1-4F21-9671-8D3065BE1401}.Debug|Any CPU.Build.0 = Debug|Any CPU
		{C80AC137-FED1-4F21-9671-8D3065BE1401}.Release|Any CPU.ActiveCfg = Release|Any CPU
		{C80AC137-FED1-4F21-9671-8D3065BE1401}.Release|Any CPU.Build.0 = Release|Any CPU
		{4069FDA6-F454-47D3-A4C3-F35A6D349313}.Debug|Any CPU.ActiveCfg = Debug|Any CPU
		{4069FDA6-F454-47D3-A4C3-F35A6D349313}.Debug|Any CPU.Build.0 = Debug|Any CPU
		{4069FDA6-F454-47D3-A4C3-F35A6D349313}.Release|Any CPU.ActiveCfg = Release|Any CPU
		{4069FDA6-F454-47D3-A4C3-F35A6D349313}.Release|Any CPU.Build.0 = Release|Any CPU
		{86EA19EF-F004-435D-BEA7-01D29F27C061}.Debug|Any CPU.ActiveCfg = Debug|Any CPU
		{86EA19EF-F004-435D-BEA7-01D29F27C061}.Debug|Any CPU.Build.0 = Debug|Any CPU
		{86EA19EF-F004-435D-BEA7-01D29F27C061}.Release|Any CPU.ActiveCfg = Release|Any CPU
		{86EA19EF-F004-435D-BEA7-01D29F27C061}.Release|Any CPU.Build.0 = Release|Any CPU
	EndGlobalSection
	GlobalSection(SolutionProperties) = preSolution
		HideSolutionNode = FALSE
	EndGlobalSection
	GlobalSection(ExtensibilityGlobals) = postSolution
		SolutionGuid = {FEA89AA1-D48F-49FC-A12E-5A1757D46CB0}
	EndGlobalSection
EndGlobal
